
Microsoft Visual Studio Solution File, Format Version 12.00
# Visual Studio 2015
Project("{FAE04EC0-301F-11D3-BF4B-00C04F79EFBC}") = "SharedWhiteboard", "SharedWhiteboard.csproj", "{13D7E14A-3DE4-2D26-EFB5-2099511C2E4A}"
EndProject
Project("{FAE04EC0-301F-11D3-BF4B-00C04F79EFBC}") = "SharedWhiteboard.Editor", "SharedWhiteboard.Editor.csproj", "{A9635763-E6A3-B05A-3B7E-1841981EF9B5}"
EndProject
Global
	GlobalSection(SolutionConfigurationPlatforms) = preSolution
		Debug|Any CPU = Debug|Any CPU
		Release|Any CPU = Release|Any CPU
	EndGlobalSection
	GlobalSection(ProjectConfigurationPlatforms) = postSolution
		{13D7E14A-3DE4-2D26-EFB5-2099511C2E4A}.Debug|Any CPU.ActiveCfg = Debug|Any CPU
		{13D7E14A-3DE4-2D26-EFB5-2099511C2E4A}.Debug|Any CPU.Build.0 = Debug|Any CPU
		{13D7E14A-3DE4-2D26-EFB5-2099511C2E4A}.Release|Any CPU.ActiveCfg = Release|Any CPU
		{13D7E14A-3DE4-2D26-EFB5-2099511C2E4A}.Release|Any CPU.Build.0 = Release|Any CPU
		{A9635763-E6A3-B05A-3B7E-1841981EF9B5}.Debug|Any CPU.ActiveCfg = Debug|Any CPU
		{A9635763-E6A3-B05A-3B7E-1841981EF9B5}.Debug|Any CPU.Build.0 = Debug|Any CPU
		{A9635763-E6A3-B05A-3B7E-1841981EF9B5}.Release|Any CPU.ActiveCfg = Release|Any CPU
		{A9635763-E6A3-B05A-3B7E-1841981EF9B5}.Release|Any CPU.Build.0 = Release|Any CPU
	EndGlobalSection
	GlobalSection(SolutionProperties) = preSolution
		HideSolutionNode = FALSE
	EndGlobalSection
EndGlobal
