
Microsoft Visual Studio Solution File, Format Version 12.00
# Visual Studio 15
Project("{FAE04EC0-301F-11D3-BF4B-00C04F79EFBC}") = "HoloLensApp", "HoloLensApp.csproj", "{79E0DFCD-DE46-9D7E-E02B-294A71BF7AB2}"
EndProject
Project("{FAE04EC0-301F-11D3-BF4B-00C04F79EFBC}") = "HoloLensApp.Editor", "HoloLensApp.Editor.csproj", "{068C2FCB-EC62-692A-B9C7-60CE7426B8F1}"
EndProject
Global
	GlobalSection(SolutionConfigurationPlatforms) = preSolution
		Debug|Any CPU = Debug|Any CPU
		Release|Any CPU = Release|Any CPU
	EndGlobalSection
	GlobalSection(ProjectConfigurationPlatforms) = postSolution
		{79E0DFCD-DE46-9D7E-E02B-294A71BF7AB2}.Debug|Any CPU.ActiveCfg = Debug|Any CPU
		{79E0DFCD-DE46-9D7E-E02B-294A71BF7AB2}.Debug|Any CPU.Build.0 = Debug|Any CPU
		{79E0DFCD-DE46-9D7E-E02B-294A71BF7AB2}.Release|Any CPU.ActiveCfg = Release|Any CPU
		{79E0DFCD-DE46-9D7E-E02B-294A71BF7AB2}.Release|Any CPU.Build.0 = Release|Any CPU
		{068C2FCB-EC62-692A-B9C7-60CE7426B8F1}.Debug|Any CPU.ActiveCfg = Debug|Any CPU
		{068C2FCB-EC62-692A-B9C7-60CE7426B8F1}.Debug|Any CPU.Build.0 = Debug|Any CPU
		{068C2FCB-EC62-692A-B9C7-60CE7426B8F1}.Release|Any CPU.ActiveCfg = Release|Any CPU
		{068C2FCB-EC62-692A-B9C7-60CE7426B8F1}.Release|Any CPU.Build.0 = Release|Any CPU
	EndGlobalSection
	GlobalSection(SolutionProperties) = preSolution
		HideSolutionNode = FALSE
	EndGlobalSection
EndGlobal
